
Microsoft Visual Studio Solution File, Format Version 12.00
# Visual Studio Version 16
VisualStudioVersion = 16.0.31005.135
MinimumVisualStudioVersion = 10.0.40219.1
Project("{FAE04EC0-301F-11D3-BF4B-00C04F79EFBC}") = "Autotest", "Autotest\Autotest.csproj", "{959116BF-C8F2-4661-BC11-33A81216601B}"
EndProject
Global
	GlobalSection(SolutionConfigurationPlatforms) = preSolution
		Debug|Any CPU = Debug|Any CPU
		Release|Any CPU = Release|Any CPU
	EndGlobalSection
	GlobalSection(ProjectConfigurationPlatforms) = postSolution
		{959116BF-C8F2-4661-BC11-33A81216601B}.Debug|Any CPU.ActiveCfg = Debug|Any CPU
		{959116BF-C8F2-4661-BC11-33A81216601B}.Debug|Any CPU.Build.0 = Debug|Any CPU
		{959116BF-C8F2-4661-BC11-33A81216601B}.Release|Any CPU.ActiveCfg = Release|Any CPU
		{959116BF-C8F2-4661-BC11-33A81216601B}.Release|Any CPU.Build.0 = Release|Any CPU
	EndGlobalSection
	GlobalSection(SolutionProperties) = preSolution
		HideSolutionNode = FALSE
	EndGlobalSection
	GlobalSection(ExtensibilityGlobals) = postSolution
		SolutionGuid = {9F7D0C1B-F8BF-4C45-87BD-7C10608FFDD6}
	EndGlobalSection
EndGlobal
